
Microsoft Visual Studio Solution File, Format Version 12.00
# Visual Studio Version 16
VisualStudioVersion = 16.0.29806.167
MinimumVisualStudioVersion = 10.0.40219.1
Project("{8BC9CEB8-8B4A-11D0-8D11-00A0C91BC942}") = "Project2", "Project2\Project2.vcxproj", "{CC6AE51F-892A-4DC0-AB2D-CE89C9E512C5}"
EndProject
Global
	GlobalSection(SolutionConfigurationPlatforms) = preSolution
		Debug|x64 = Debug|x64
		Debug|x86 = Debug|x86
		Release|x64 = Release|x64
		Release|x86 = Release|x86
	EndGlobalSection
	GlobalSection(ProjectConfigurationPlatforms) = postSolution
		{CC6AE51F-892A-4DC0-AB2D-CE89C9E512C5}.Debug|x64.ActiveCfg = Debug|x64
		{CC6AE51F-892A-4DC0-AB2D-CE89C9E512C5}.Debug|x64.Build.0 = Debug|x64
		{CC6AE51F-892A-4DC0-AB2D-CE89C9E512C5}.Debug|x86.ActiveCfg = Debug|Win32
		{CC6AE51F-892A-4DC0-AB2D-CE89C9E512C5}.Debug|x86.Build.0 = Debug|Win32
		{CC6AE51F-892A-4DC0-AB2D-CE89C9E512C5}.Release|x64.ActiveCfg = Release|x64
		{CC6AE51F-892A-4DC0-AB2D-CE89C9E512C5}.Release|x64.Build.0 = Release|x64
		{CC6AE51F-892A-4DC0-AB2D-CE89C9E512C5}.Release|x86.ActiveCfg = Release|Win32
		{CC6AE51F-892A-4DC0-AB2D-CE89C9E512C5}.Release|x86.Build.0 = Release|Win32
	EndGlobalSection
	GlobalSection(SolutionProperties) = preSolution
		HideSolutionNode = FALSE
	EndGlobalSection
	GlobalSection(ExtensibilityGlobals) = postSolution
		SolutionGuid = {04D9FB5D-56A4-43D3-8970-822A060E80E7}
	EndGlobalSection
EndGlobal
